
Microsoft Visual Studio Solution File, Format Version 12.00
# Visual Studio 15
VisualStudioVersion = 15.0.27130.2010
MinimumVisualStudioVersion = 10.0.40219.1
Project("{FAE04EC0-301F-11D3-BF4B-00C04F79EFBC}") = "SchoolNotifyAPI", "SchoolNotifyAPI\SchoolNotifyAPI.csproj", "{733C673D-9297-4FA3-8E08-2384FB7D4DE7}"
EndProject
Project("{2150E333-8FDC-42A3-9474-1A3956D46DE8}") = "4 - Presentation", "4 - Presentation", "{7E7F0450-D24D-44D7-A5B4-AA2E78DEF499}"
EndProject
Project("{2150E333-8FDC-42A3-9474-1A3956D46DE8}") = "1 - Domain", "1 - Domain", "{6A5BF457-FE78-4CCA-A9E8-283DA921A0AA}"
EndProject
Project("{2150E333-8FDC-42A3-9474-1A3956D46DE8}") = "2 - Infra", "2 - Infra", "{1BB8E942-E9BB-4A84-BDDE-ACEA1DC13E30}"
EndProject
Project("{2150E333-8FDC-42A3-9474-1A3956D46DE8}") = "3 - Application", "3 - Application", "{AFBDF1B5-30F9-4DEE-BE9D-9A00F62A5BBB}"
EndProject
Project("{2150E333-8FDC-42A3-9474-1A3956D46DE8}") = "2.1 - DataAcessLayer", "2.1 - DataAcessLayer", "{F10A65DC-5768-4589-8A92-CC5FF735C055}"
EndProject
Project("{2150E333-8FDC-42A3-9474-1A3956D46DE8}") = "2.2 - CrossCutting", "2.2 - CrossCutting", "{27B46506-C3BA-45DA-943C-50075FA9C30F}"
EndProject
Project("{FAE04EC0-301F-11D3-BF4B-00C04F79EFBC}") = "Domain", "Domain\Domain.csproj", "{22350C74-7667-43EC-BB6F-5375C871DAF2}"
EndProject
Project("{FAE04EC0-301F-11D3-BF4B-00C04F79EFBC}") = "Data", "Data\Data.csproj", "{AEEFDBF5-664A-49CE-8EDA-AB98ADCED75B}"
EndProject
Project("{FAE04EC0-301F-11D3-BF4B-00C04F79EFBC}") = "Application", "Application\Application.csproj", "{617B6E98-99F4-403A-BFC1-C0B7B01468B7}"
EndProject
Project("{FAE04EC0-301F-11D3-BF4B-00C04F79EFBC}") = "IoC", "IoC\IoC.csproj", "{0683B5F6-8D1F-4A6E-BC9F-F6372E139C16}"
EndProject
Global
	GlobalSection(SolutionConfigurationPlatforms) = preSolution
		Debug|Any CPU = Debug|Any CPU
		Release|Any CPU = Release|Any CPU
	EndGlobalSection
	GlobalSection(ProjectConfigurationPlatforms) = postSolution
		{733C673D-9297-4FA3-8E08-2384FB7D4DE7}.Debug|Any CPU.ActiveCfg = Debug|Any CPU
		{733C673D-9297-4FA3-8E08-2384FB7D4DE7}.Debug|Any CPU.Build.0 = Debug|Any CPU
		{733C673D-9297-4FA3-8E08-2384FB7D4DE7}.Release|Any CPU.ActiveCfg = Release|Any CPU
		{733C673D-9297-4FA3-8E08-2384FB7D4DE7}.Release|Any CPU.Build.0 = Release|Any CPU
		{22350C74-7667-43EC-BB6F-5375C871DAF2}.Debug|Any CPU.ActiveCfg = Debug|Any CPU
		{22350C74-7667-43EC-BB6F-5375C871DAF2}.Debug|Any CPU.Build.0 = Debug|Any CPU
		{22350C74-7667-43EC-BB6F-5375C871DAF2}.Release|Any CPU.ActiveCfg = Release|Any CPU
		{22350C74-7667-43EC-BB6F-5375C871DAF2}.Release|Any CPU.Build.0 = Release|Any CPU
		{AEEFDBF5-664A-49CE-8EDA-AB98ADCED75B}.Debug|Any CPU.ActiveCfg = Debug|Any CPU
		{AEEFDBF5-664A-49CE-8EDA-AB98ADCED75B}.Debug|Any CPU.Build.0 = Debug|Any CPU
		{AEEFDBF5-664A-49CE-8EDA-AB98ADCED75B}.Release|Any CPU.ActiveCfg = Release|Any CPU
		{AEEFDBF5-664A-49CE-8EDA-AB98ADCED75B}.Release|Any CPU.Build.0 = Release|Any CPU
		{617B6E98-99F4-403A-BFC1-C0B7B01468B7}.Debug|Any CPU.ActiveCfg = Debug|Any CPU
		{617B6E98-99F4-403A-BFC1-C0B7B01468B7}.Debug|Any CPU.Build.0 = Debug|Any CPU
		{617B6E98-99F4-403A-BFC1-C0B7B01468B7}.Release|Any CPU.ActiveCfg = Release|Any CPU
		{617B6E98-99F4-403A-BFC1-C0B7B01468B7}.Release|Any CPU.Build.0 = Release|Any CPU
		{0683B5F6-8D1F-4A6E-BC9F-F6372E139C16}.Debug|Any CPU.ActiveCfg = Debug|Any CPU
		{0683B5F6-8D1F-4A6E-BC9F-F6372E139C16}.Debug|Any CPU.Build.0 = Debug|Any CPU
		{0683B5F6-8D1F-4A6E-BC9F-F6372E139C16}.Release|Any CPU.ActiveCfg = Release|Any CPU
		{0683B5F6-8D1F-4A6E-BC9F-F6372E139C16}.Release|Any CPU.Build.0 = Release|Any CPU
	EndGlobalSection
	GlobalSection(SolutionProperties) = preSolution
		HideSolutionNode = FALSE
	EndGlobalSection
	GlobalSection(NestedProjects) = preSolution
		{733C673D-9297-4FA3-8E08-2384FB7D4DE7} = {7E7F0450-D24D-44D7-A5B4-AA2E78DEF499}
		{F10A65DC-5768-4589-8A92-CC5FF735C055} = {1BB8E942-E9BB-4A84-BDDE-ACEA1DC13E30}
		{27B46506-C3BA-45DA-943C-50075FA9C30F} = {1BB8E942-E9BB-4A84-BDDE-ACEA1DC13E30}
		{22350C74-7667-43EC-BB6F-5375C871DAF2} = {6A5BF457-FE78-4CCA-A9E8-283DA921A0AA}
		{AEEFDBF5-664A-49CE-8EDA-AB98ADCED75B} = {F10A65DC-5768-4589-8A92-CC5FF735C055}
		{617B6E98-99F4-403A-BFC1-C0B7B01468B7} = {AFBDF1B5-30F9-4DEE-BE9D-9A00F62A5BBB}
		{0683B5F6-8D1F-4A6E-BC9F-F6372E139C16} = {27B46506-C3BA-45DA-943C-50075FA9C30F}
	EndGlobalSection
	GlobalSection(ExtensibilityGlobals) = postSolution
		SolutionGuid = {D0D5F399-1C87-4248-81FA-48EF36E20430}
	EndGlobalSection
EndGlobal
